
Microsoft Visual Studio Solution File, Format Version 12.00
# Visual Studio Version 17
VisualStudioVersion = 17.0.31903.59
MinimumVisualStudioVersion = 10.0.40219.1
Project("{FAE04EC0-301F-11D3-BF4B-00C04F79EFBC}") = "Common", "Common\Common.csproj", "{FEFA292B-C87F-4028-BC61-5E03921E3EAA}"
EndProject
Project("{FAE04EC0-301F-11D3-BF4B-00C04F79EFBC}") = "FhirReceiverService", "FhirReceiverService\FhirReceiverService.csproj", "{8F576AF2-F605-42CE-94CD-151156E7B85D}"
EndProject
Project("{FAE04EC0-301F-11D3-BF4B-00C04F79EFBC}") = "ConversionService", "ConversionService\ConversionService.csproj", "{007BC52A-8D67-4C3B-A5FE-75464C961661}"
EndProject
Project("{FAE04EC0-301F-11D3-BF4B-00C04F79EFBC}") = "LoggingService", "LoggingService\LoggingService.csproj", "{5A843A2B-AC60-4B9E-852B-4346E094C5ED}"
EndProject
Project("{FAE04EC0-301F-11D3-BF4B-00C04F79EFBC}") = "NotificationService", "NotificationService\NotificationService.csproj", "{468C6A9C-1C35-4013-939A-591A86A0B56A}"
EndProject
Project("{FAE04EC0-301F-11D3-BF4B-00C04F79EFBC}") = "ResendApiService", "ResendApiService\ResendApiService.csproj", "{514EA225-C5F0-459E-ADB7-E9C4A4E52EA3}"
EndProject
Project("{FAE04EC0-301F-11D3-BF4B-00C04F79EFBC}") = "TransmissionService", "TransmissionService\TransmissionService.csproj", "{636C5CB0-E2AC-4BD3-9605-AEFBE15CBED7}"
EndProject
Global
	GlobalSection(SolutionConfigurationPlatforms) = preSolution
		Debug|Any CPU = Debug|Any CPU
		Release|Any CPU = Release|Any CPU
	EndGlobalSection
	GlobalSection(SolutionProperties) = preSolution
		HideSolutionNode = FALSE
	EndGlobalSection
	GlobalSection(ProjectConfigurationPlatforms) = postSolution
		{FEFA292B-C87F-4028-BC61-5E03921E3EAA}.Debug|Any CPU.ActiveCfg = Debug|Any CPU
		{FEFA292B-C87F-4028-BC61-5E03921E3EAA}.Debug|Any CPU.Build.0 = Debug|Any CPU
		{FEFA292B-C87F-4028-BC61-5E03921E3EAA}.Release|Any CPU.ActiveCfg = Release|Any CPU
		{FEFA292B-C87F-4028-BC61-5E03921E3EAA}.Release|Any CPU.Build.0 = Release|Any CPU
		{8F576AF2-F605-42CE-94CD-151156E7B85D}.Debug|Any CPU.ActiveCfg = Debug|Any CPU
		{8F576AF2-F605-42CE-94CD-151156E7B85D}.Debug|Any CPU.Build.0 = Debug|Any CPU
		{8F576AF2-F605-42CE-94CD-151156E7B85D}.Release|Any CPU.ActiveCfg = Release|Any CPU
		{8F576AF2-F605-42CE-94CD-151156E7B85D}.Release|Any CPU.Build.0 = Release|Any CPU
		{007BC52A-8D67-4C3B-A5FE-75464C961661}.Debug|Any CPU.ActiveCfg = Debug|Any CPU
		{007BC52A-8D67-4C3B-A5FE-75464C961661}.Debug|Any CPU.Build.0 = Debug|Any CPU
		{007BC52A-8D67-4C3B-A5FE-75464C961661}.Release|Any CPU.ActiveCfg = Release|Any CPU
		{007BC52A-8D67-4C3B-A5FE-75464C961661}.Release|Any CPU.Build.0 = Release|Any CPU
		{5A843A2B-AC60-4B9E-852B-4346E094C5ED}.Debug|Any CPU.ActiveCfg = Debug|Any CPU
		{5A843A2B-AC60-4B9E-852B-4346E094C5ED}.Debug|Any CPU.Build.0 = Debug|Any CPU
		{5A843A2B-AC60-4B9E-852B-4346E094C5ED}.Release|Any CPU.ActiveCfg = Release|Any CPU
		{5A843A2B-AC60-4B9E-852B-4346E094C5ED}.Release|Any CPU.Build.0 = Release|Any CPU
		{468C6A9C-1C35-4013-939A-591A86A0B56A}.Debug|Any CPU.ActiveCfg = Debug|Any CPU
		{468C6A9C-1C35-4013-939A-591A86A0B56A}.Debug|Any CPU.Build.0 = Debug|Any CPU
		{468C6A9C-1C35-4013-939A-591A86A0B56A}.Release|Any CPU.ActiveCfg = Release|Any CPU
		{468C6A9C-1C35-4013-939A-591A86A0B56A}.Release|Any CPU.Build.0 = Release|Any CPU
		{514EA225-C5F0-459E-ADB7-E9C4A4E52EA3}.Debug|Any CPU.ActiveCfg = Debug|Any CPU
		{514EA225-C5F0-459E-ADB7-E9C4A4E52EA3}.Debug|Any CPU.Build.0 = Debug|Any CPU
		{514EA225-C5F0-459E-ADB7-E9C4A4E52EA3}.Release|Any CPU.ActiveCfg = Release|Any CPU
		{514EA225-C5F0-459E-ADB7-E9C4A4E52EA3}.Release|Any CPU.Build.0 = Release|Any CPU
		{636C5CB0-E2AC-4BD3-9605-AEFBE15CBED7}.Debug|Any CPU.ActiveCfg = Debug|Any CPU
		{636C5CB0-E2AC-4BD3-9605-AEFBE15CBED7}.Debug|Any CPU.Build.0 = Debug|Any CPU
		{636C5CB0-E2AC-4BD3-9605-AEFBE15CBED7}.Release|Any CPU.ActiveCfg = Release|Any CPU
		{636C5CB0-E2AC-4BD3-9605-AEFBE15CBED7}.Release|Any CPU.Build.0 = Release|Any CPU
	EndGlobalSection
EndGlobal
